// !$*UTF8*$!
{
	archiveVersion = 1;
	classes = {
	};
	objectVersion = 50;
	objects = {

/* Begin PBXBuildFile section */
		88497C8724F73D3700B86144 /* AppDelegate.swift in Sources */ = {isa = PBXBuildFile; fileRef = 88497C8624F73D3700B86144 /* AppDelegate.swift */; };
		88497C8924F73D3700B86144 /* SceneDelegate.swift in Sources */ = {isa = PBXBuildFile; fileRef = 88497C8824F73D3700B86144 /* SceneDelegate.swift */; };
		88497C8B24F73D3700B86144 /* ListScreenVC.swift in Sources */ = {isa = PBXBuildFile; fileRef = 88497C8A24F73D3700B86144 /* ListScreenVC.swift */; };
		88497C9024F73D3C00B86144 /* Assets.xcassets in Resources */ = {isa = PBXBuildFile; fileRef = 88497C8F24F73D3C00B86144 /* Assets.xcassets */; };
		88497C9324F73D3C00B86144 /* LaunchScreen.storyboard in Resources */ = {isa = PBXBuildFile; fileRef = 88497C9124F73D3C00B86144 /* LaunchScreen.storyboard */; };
		88497C9B24FC6E4B00B86144 /* TestBlueScreen.swift in Sources */ = {isa = PBXBuildFile; fileRef = 88497C9A24FC6E4B00B86144 /* TestBlueScreen.swift */; };
		888C78E124FCC66F0010BACD /* LayoutBoxHalfVC.swift in Sources */ = {isa = PBXBuildFile; fileRef = 888C78E024FCC66F0010BACD /* LayoutBoxHalfVC.swift */; };
		888C78E324FD69C60010BACD /* LayoutBoxThirdsVC.swift in Sources */ = {isa = PBXBuildFile; fileRef = 888C78E224FD69C60010BACD /* LayoutBoxThirdsVC.swift */; };
/* End PBXBuildFile section */

/* Begin PBXFileReference section */
		88497C8324F73D3700B86144 /* Test01.app */ = {isa = PBXFileReference; explicitFileType = wrapper.application; includeInIndex = 0; path = Test01.app; sourceTree = BUILT_PRODUCTS_DIR; };
		88497C8624F73D3700B86144 /* AppDelegate.swift */ = {isa = PBXFileReference; lastKnownFileType = sourcecode.swift; path = AppDelegate.swift; sourceTree = "<group>"; };
		88497C8824F73D3700B86144 /* SceneDelegate.swift */ = {isa = PBXFileReference; lastKnownFileType = sourcecode.swift; path = SceneDelegate.swift; sourceTree = "<group>"; };
		88497C8A24F73D3700B86144 /* ListScreenVC.swift */ = {isa = PBXFileReference; lastKnownFileType = sourcecode.swift; path = ListScreenVC.swift; sourceTree = "<group>"; };
		88497C8F24F73D3C00B86144 /* Assets.xcassets */ = {isa = PBXFileReference; lastKnownFileType = folder.assetcatalog; path = Assets.xcassets; sourceTree = "<group>"; };
		88497C9224F73D3C00B86144 /* Base */ = {isa = PBXFileReference; lastKnownFileType = file.storyboard; name = Base; path = Base.lproj/LaunchScreen.storyboard; sourceTree = "<group>"; };
		88497C9424F73D3C00B86144 /* Info.plist */ = {isa = PBXFileReference; lastKnownFileType = text.plist.xml; path = Info.plist; sourceTree = "<group>"; };
		88497C9A24FC6E4B00B86144 /* TestBlueScreen.swift */ = {isa = PBXFileReference; lastKnownFileType = sourcecode.swift; path = TestBlueScreen.swift; sourceTree = "<group>"; };
		888C78E024FCC66F0010BACD /* LayoutBoxHalfVC.swift */ = {isa = PBXFileReference; lastKnownFileType = sourcecode.swift; path = LayoutBoxHalfVC.swift; sourceTree = "<group>"; };
		888C78E224FD69C60010BACD /* LayoutBoxThirdsVC.swift */ = {isa = PBXFileReference; lastKnownFileType = sourcecode.swift; path = LayoutBoxThirdsVC.swift; sourceTree = "<group>"; };
/* End PBXFileReference section */

/* Begin PBXFrameworksBuildPhase section */
		88497C8024F73D3700B86144 /* Frameworks */ = {
			isa = PBXFrameworksBuildPhase;
			buildActionMask = 2147483647;
			files = (
			);
			runOnlyForDeploymentPostprocessing = 0;
		};
/* End PBXFrameworksBuildPhase section */

/* Begin PBXGroup section */
		88497C7A24F73D3700B86144 = {
			isa = PBXGroup;
			children = (
				88497C8524F73D3700B86144 /* Test01 */,
				88497C8424F73D3700B86144 /* Products */,
			);
			sourceTree = "<group>";
		};
		88497C8424F73D3700B86144 /* Products */ = {
			isa = PBXGroup;
			children = (
				88497C8324F73D3700B86144 /* Test01.app */,
			);
			name = Products;
			sourceTree = "<group>";
		};
		88497C8524F73D3700B86144 /* Test01 */ = {
			isa = PBXGroup;
			children = (
				88497C8624F73D3700B86144 /* AppDelegate.swift */,
				88497C8824F73D3700B86144 /* SceneDelegate.swift */,
				88497C8A24F73D3700B86144 /* ListScreenVC.swift */,
				88497C9A24FC6E4B00B86144 /* TestBlueScreen.swift */,
				88497C8F24F73D3C00B86144 /* Assets.xcassets */,
				88497C9124F73D3C00B86144 /* LaunchScreen.storyboard */,
				88497C9424F73D3C00B86144 /* Info.plist */,
				888C78E024FCC66F0010BACD /* LayoutBoxHalfVC.swift */,
				888C78E224FD69C60010BACD /* LayoutBoxThirdsVC.swift */,
			);
			path = Test01;
			sourceTree = "<group>";
		};
/* End PBXGroup section */

/* Begin PBXNativeTarget section */
		88497C8224F73D3700B86144 /* Test01 */ = {
			isa = PBXNativeTarget;
			buildConfigurationList = 88497C9724F73D3C00B86144 /* Build configuration list for PBXNativeTarget "Test01" */;
			buildPhases = (
				88497C7F24F73D3700B86144 /* Sources */,
				88497C8024F73D3700B86144 /* Frameworks */,
				88497C8124F73D3700B86144 /* Resources */,
			);
			buildRules = (
			);
			dependencies = (
			);
			name = Test01;
			productName = Test01;
			productReference = 88497C8324F73D3700B86144 /* Test01.app */;
			productType = "com.apple.product-type.application";
		};
/* End PBXNativeTarget section */

/* Begin PBXProject section */
		88497C7B24F73D3700B86144 /* Project object */ = {
			isa = PBXProject;
			attributes = {
				LastSwiftUpdateCheck = 1150;
				LastUpgradeCheck = 1150;
				ORGANIZATIONNAME = "Dominic Go";
				TargetAttributes = {
					88497C8224F73D3700B86144 = {
						CreatedOnToolsVersion = 11.5;
					};
				};
			};
			buildConfigurationList = 88497C7E24F73D3700B86144 /* Build configuration list for PBXProject "Test01" */;
			compatibilityVersion = "Xcode 9.3";
			developmentRegion = en;
			hasScannedForEncodings = 0;
			knownRegions = (
				en,
				Base,
			);
			mainGroup = 88497C7A24F73D3700B86144;
			productRefGroup = 88497C8424F73D3700B86144 /* Products */;
			projectDirPath = "";
			projectRoot = "";
			targets = (
				88497C8224F73D3700B86144 /* Test01 */,
			);
		};
/* End PBXProject section */

/* Begin PBXResourcesBuildPhase section */
		88497C8124F73D3700B86144 /* Resources */ = {
			isa = PBXResourcesBuildPhase;
			buildActionMask = 2147483647;
			files = (
				88497C9324F73D3C00B86144 /* LaunchScreen.storyboard in Resources */,
				88497C9024F73D3C00B86144 /* Assets.xcassets in Resources */,
			);
			runOnlyForDeploymentPostprocessing = 0;
		};
/* End PBXResourcesBuildPhase section */

/* Begin PBXSourcesBuildPhase section */
		88497C7F24F73D3700B86144 /* Sources */ = {
			isa = PBXSourcesBuildPhase;
			buildActionMask = 2147483647;
			files = (
				888C78E324FD69C60010BACD /* LayoutBoxThirdsVC.swift in Sources */,
				88497C8B24F73D3700B86144 /* ListScreenVC.swift in Sources */,
				888C78E124FCC66F0010BACD /* LayoutBoxHalfVC.swift in Sources */,
				88497C8724F73D3700B86144 /* AppDelegate.swift in Sources */,
				88497C8924F73D3700B86144 /* SceneDelegate.swift in Sources */,
				88497C9B24FC6E4B00B86144 /* TestBlueScreen.swift in Sources */,
			);
			runOnlyForDeploymentPostprocessing = 0;
		};
/* End PBXSourcesBuildPhase section */

/* Begin PBXVariantGroup section */
		88497C9124F73D3C00B86144 /* LaunchScreen.storyboard */ = {
			isa = PBXVariantGroup;
			children = (
				88497C9224F73D3C00B86144 /* Base */,
			);
			name = LaunchScreen.storyboard;
			sourceTree = "<group>";
		};
/* End PBXVariantGroup section */

/* Begin XCBuildConfiguration section */
		88497C9524F73D3C00B86144 /* Debug */ = {
			isa = XCBuildConfiguration;
			buildSettings = {
				ALWAYS_SEARCH_USER_PATHS = NO;
				CLANG_ANALYZER_NONNULL = YES;
				CLANG_ANALYZER_NUMBER_OBJECT_CONVERSION = YES_AGGRESSIVE;
				CLANG_CXX_LANGUAGE_STANDARD = "gnu++14";
				CLANG_CXX_LIBRARY = "libc++";
				CLANG_ENABLE_MODULES = YES;
				CLANG_ENABLE_OBJC_ARC = YES;
				CLANG_ENABLE_OBJC_WEAK = YES;
				CLANG_WARN_BLOCK_CAPTURE_AUTORELEASING = YES;
				CLANG_WARN_BOOL_CONVERSION = YES;
				CLANG_WARN_COMMA = YES;
				CLANG_WARN_CONSTANT_CONVERSION = YES;
				CLANG_WARN_DEPRECATED_OBJC_IMPLEMENTATIONS = YES;
				CLANG_WARN_DIRECT_OBJC_ISA_USAGE = YES_ERROR;
				CLANG_WARN_DOCUMENTATION_COMMENTS = YES;
				CLANG_WARN_EMPTY_BODY = YES;
				CLANG_WARN_ENUM_CONVERSION = YES;
				CLANG_WARN_INFINITE_RECURSION = YES;
				CLANG_WARN_INT_CONVERSION = YES;
				CLANG_WARN_NON_LITERAL_NULL_CONVERSION = YES;
				CLANG_WARN_OBJC_IMPLICIT_RETAIN_SELF = YES;
				CLANG_WARN_OBJC_LITERAL_CONVERSION = YES;
				CLANG_WARN_OBJC_ROOT_CLASS = YES_ERROR;
				CLANG_WARN_RANGE_LOOP_ANALYSIS = YES;
				CLANG_WARN_STRICT_PROTOTYPES = YES;
				CLANG_WARN_SUSPICIOUS_MOVE = YES;
				CLANG_WARN_UNGUARDED_AVAILABILITY = YES_AGGRESSIVE;
				CLANG_WARN_UNREACHABLE_CODE = YES;
				CLANG_WARN__DUPLICATE_METHOD_MATCH = YES;
				COPY_PHASE_STRIP = NO;
				DEBUG_INFORMATION_FORMAT = dwarf;
				ENABLE_STRICT_OBJC_MSGSEND = YES;
				ENABLE_TESTABILITY = YES;
				GCC_C_LANGUAGE_STANDARD = gnu11;
				GCC_DYNAMIC_NO_PIC = NO;
				GCC_NO_COMMON_BLOCKS = YES;
				GCC_OPTIMIZATION_LEVEL = 0;
				GCC_PREPROCESSOR_DEFINITIONS = (
					"DEBUG=1",
					"$(inherited)",
				);
				GCC_WARN_64_TO_32_BIT_CONVERSION = YES;
				GCC_WARN_ABOUT_RETURN_TYPE = YES_ERROR;
				GCC_WARN_UNDECLARED_SELECTOR = YES;
				GCC_WARN_UNINITIALIZED_AUTOS = YES_AGGRESSIVE;
				GCC_WARN_UNUSED_FUNCTION = YES;
				GCC_WARN_UNUSED_VARIABLE = YES;
				IPHONEOS_DEPLOYMENT_TARGET = 13.5;
				MTL_ENABLE_DEBUG_INFO = INCLUDE_SOURCE;
				MTL_FAST_MATH = YES;
				ONLY_ACTIVE_ARCH = YES;
				SDKROOT = iphoneos;
				SWIFT_ACTIVE_COMPILATION_CONDITIONS = DEBUG;
				SWIFT_OPTIMIZATION_LEVEL = "-Onone";
			};
			name = Debug;
		};
		88497C9624F73D3C00B86144 /* Release */ = {
			isa = XCBuildConfiguration;
			buildSettings = {
				ALWAYS_SEARCH_USER_PATHS = NO;
				CLANG_ANALYZER_NONNULL = YES;
				CLANG_ANALYZER_NUMBER_OBJECT_CONVERSION = YES_AGGRESSIVE;
				CLANG_CXX_LANGUAGE_STANDARD = "gnu++14";
				CLANG_CXX_LIBRARY = "libc++";
				CLANG_ENABLE_MODULES = YES;
				CLANG_ENABLE_OBJC_ARC = YES;
				CLANG_ENABLE_OBJC_WEAK = YES;
				CLANG_WARN_BLOCK_CAPTURE_AUTORELEASING = YES;
				CLANG_WARN_BOOL_CONVERSION = YES;
				CLANG_WARN_COMMA = YES;
				CLANG_WARN_CONSTANT_CONVERSION = YES;
				CLANG_WARN_DEPRECATED_OBJC_IMPLEMENTATIONS = YES;
				CLANG_WARN_DIRECT_OBJC_ISA_USAGE = YES_ERROR;
				CLANG_WARN_DOCUMENTATION_COMMENTS = YES;
				CLANG_WARN_EMPTY_BODY = YES;
				CLANG_WARN_ENUM_CONVERSION = YES;
				CLANG_WARN_INFINITE_RECURSION = YES;
				CLANG_WARN_INT_CONVERSION = YES;
				CLANG_WARN_NON_LITERAL_NULL_CONVERSION = YES;
				CLANG_WARN_OBJC_IMPLICIT_RETAIN_SELF = YES;
				CLANG_WARN_OBJC_LITERAL_CONVERSION = YES;
				CLANG_WARN_OBJC_ROOT_CLASS = YES_ERROR;
				CLANG_WARN_RANGE_LOOP_ANALYSIS = YES;
				CLANG_WARN_STRICT_PROTOTYPES = YES;
				CLANG_WARN_SUSPICIOUS_MOVE = YES;
				CLANG_WARN_UNGUARDED_AVAILABILITY = YES_AGGRESSIVE;
				CLANG_WARN_UNREACHABLE_CODE = YES;
				CLANG_WARN__DUPLICATE_METHOD_MATCH = YES;
				COPY_PHASE_STRIP = NO;
				DEBUG_INFORMATION_FORMAT = "dwarf-with-dsym";
				ENABLE_NS_ASSERTIONS = NO;
				ENABLE_STRICT_OBJC_MSGSEND = YES;
				GCC_C_LANGUAGE_STANDARD = gnu11;
				GCC_NO_COMMON_BLOCKS = YES;
				GCC_WARN_64_TO_32_BIT_CONVERSION = YES;
				GCC_WARN_ABOUT_RETURN_TYPE = YES_ERROR;
				GCC_WARN_UNDECLARED_SELECTOR = YES;
				GCC_WARN_UNINITIALIZED_AUTOS = YES_AGGRESSIVE;
				GCC_WARN_UNUSED_FUNCTION = YES;
				GCC_WARN_UNUSED_VARIABLE = YES;
				IPHONEOS_DEPLOYMENT_TARGET = 13.5;
				MTL_ENABLE_DEBUG_INFO = NO;
				MTL_FAST_MATH = YES;
				SDKROOT = iphoneos;
				SWIFT_COMPILATION_MODE = wholemodule;
				SWIFT_OPTIMIZATION_LEVEL = "-O";
				VALIDATE_PRODUCT = YES;
			};
			name = Release;
		};
		88497C9824F73D3C00B86144 /* Debug */ = {
			isa = XCBuildConfiguration;
			buildSettings = {
				ASSETCATALOG_COMPILER_APPICON_NAME = AppIcon;
				CODE_SIGN_STYLE = Automatic;
				DEVELOPMENT_TEAM = ZC7A6XV8GR;
				INFOPLIST_FILE = Test01/Info.plist;
				IPHONEOS_DEPLOYMENT_TARGET = 13.4;
				LD_RUNPATH_SEARCH_PATHS = (
					"$(inherited)",
					"@executable_path/Frameworks",
				);
				PRODUCT_BUNDLE_IDENTIFIER = com.dominicgo.Test01;
				PRODUCT_NAME = "$(TARGET_NAME)";
				SWIFT_VERSION = 5.0;
				TARGETED_DEVICE_FAMILY = 1;
			};
			name = Debug;
		};
		88497C9924F73D3C00B86144 /* Release */ = {
			isa = XCBuildConfiguration;
			buildSettings = {
				ASSETCATALOG_COMPILER_APPICON_NAME = AppIcon;
				CODE_SIGN_STYLE = Automatic;
				DEVELOPMENT_TEAM = ZC7A6XV8GR;
				INFOPLIST_FILE = Test01/Info.plist;
				IPHONEOS_DEPLOYMENT_TARGET = 13.4;
				LD_RUNPATH_SEARCH_PATHS = (
					"$(inherited)",
					"@executable_path/Frameworks",
				);
				PRODUCT_BUNDLE_IDENTIFIER = com.dominicgo.Test01;
				PRODUCT_NAME = "$(TARGET_NAME)";
				SWIFT_VERSION = 5.0;
				TARGETED_DEVICE_FAMILY = 1;
			};
			name = Release;
		};
/* End XCBuildConfiguration section */

/* Begin XCConfigurationList section */
		88497C7E24F73D3700B86144 /* Build configuration list for PBXProject "Test01" */ = {
			isa = XCConfigurationList;
			buildConfigurations = (
				88497C9524F73D3C00B86144 /* Debug */,
				88497C9624F73D3C00B86144 /* Release */,
			);
			defaultConfigurationIsVisible = 0;
			defaultConfigurationName = Release;
		};
		88497C9724F73D3C00B86144 /* Build configuration list for PBXNativeTarget "Test01" */ = {
			isa = XCConfigurationList;
			buildConfigurations = (
				88497C9824F73D3C00B86144 /* Debug */,
				88497C9924F73D3C00B86144 /* Release */,
			);
			defaultConfigurationIsVisible = 0;
			defaultConfigurationName = Release;
		};
/* End XCConfigurationList section */
	};
	rootObject = 88497C7B24F73D3700B86144 /* Project object */;
}
